
Microsoft Visual Studio Solution File, Format Version 12.00
# Visual Studio 15
VisualStudioVersion = 15.0.28307.645
MinimumVisualStudioVersion = 10.0.40219.1
Project("{FAE04EC0-301F-11D3-BF4B-00C04F79EFBC}") = "MVCDemo01", "MVCDemo01\MVCDemo01.csproj", "{1B70C34C-5F8E-479B-B8EC-DC617C81A040}"
EndProject
Project("{FAE04EC0-301F-11D3-BF4B-00C04F79EFBC}") = "EF_DBFirstTEst", "EF_DBFirstTEst\EF_DBFirstTEst.csproj", "{A817E29C-A7E9-41A9-B8A6-0A779FCCAB73}"
EndProject
Project("{FAE04EC0-301F-11D3-BF4B-00C04F79EFBC}") = "EF_CodeFirst", "EF_CodeFirst\EF_CodeFirst.csproj", "{BEA15E15-0E22-4CE3-B8A0-B714E9924064}"
EndProject
Project("{FAE04EC0-301F-11D3-BF4B-00C04F79EFBC}") = "EF_FluntAPI", "EF_FluntAPI\EF_FluntAPI.csproj", "{6B14AE4F-59C1-4F55-8195-F9DD51C4319F}"
EndProject
Project("{FAE04EC0-301F-11D3-BF4B-00C04F79EFBC}") = "FluentAPI", "FluentAPI\FluentAPI.csproj", "{C4E87B72-961A-4721-B581-BC90EBEA3C2B}"
EndProject
Project("{FAE04EC0-301F-11D3-BF4B-00C04F79EFBC}") = "FluentAPI2", "FluentAPI2\FluentAPI2.csproj", "{4075B784-D54C-47EB-BAFD-C75114AD08E1}"
EndProject
Global
	GlobalSection(SolutionConfigurationPlatforms) = preSolution
		Debug|Any CPU = Debug|Any CPU
		Release|Any CPU = Release|Any CPU
	EndGlobalSection
	GlobalSection(ProjectConfigurationPlatforms) = postSolution
		{1B70C34C-5F8E-479B-B8EC-DC617C81A040}.Debug|Any CPU.ActiveCfg = Debug|Any CPU
		{1B70C34C-5F8E-479B-B8EC-DC617C81A040}.Debug|Any CPU.Build.0 = Debug|Any CPU
		{1B70C34C-5F8E-479B-B8EC-DC617C81A040}.Release|Any CPU.ActiveCfg = Release|Any CPU
		{1B70C34C-5F8E-479B-B8EC-DC617C81A040}.Release|Any CPU.Build.0 = Release|Any CPU
		{A817E29C-A7E9-41A9-B8A6-0A779FCCAB73}.Debug|Any CPU.ActiveCfg = Debug|Any CPU
		{A817E29C-A7E9-41A9-B8A6-0A779FCCAB73}.Debug|Any CPU.Build.0 = Debug|Any CPU
		{A817E29C-A7E9-41A9-B8A6-0A779FCCAB73}.Release|Any CPU.ActiveCfg = Release|Any CPU
		{A817E29C-A7E9-41A9-B8A6-0A779FCCAB73}.Release|Any CPU.Build.0 = Release|Any CPU
		{BEA15E15-0E22-4CE3-B8A0-B714E9924064}.Debug|Any CPU.ActiveCfg = Debug|Any CPU
		{BEA15E15-0E22-4CE3-B8A0-B714E9924064}.Debug|Any CPU.Build.0 = Debug|Any CPU
		{BEA15E15-0E22-4CE3-B8A0-B714E9924064}.Release|Any CPU.ActiveCfg = Release|Any CPU
		{BEA15E15-0E22-4CE3-B8A0-B714E9924064}.Release|Any CPU.Build.0 = Release|Any CPU
		{6B14AE4F-59C1-4F55-8195-F9DD51C4319F}.Debug|Any CPU.ActiveCfg = Debug|Any CPU
		{6B14AE4F-59C1-4F55-8195-F9DD51C4319F}.Debug|Any CPU.Build.0 = Debug|Any CPU
		{6B14AE4F-59C1-4F55-8195-F9DD51C4319F}.Release|Any CPU.ActiveCfg = Release|Any CPU
		{6B14AE4F-59C1-4F55-8195-F9DD51C4319F}.Release|Any CPU.Build.0 = Release|Any CPU
		{C4E87B72-961A-4721-B581-BC90EBEA3C2B}.Debug|Any CPU.ActiveCfg = Debug|Any CPU
		{C4E87B72-961A-4721-B581-BC90EBEA3C2B}.Debug|Any CPU.Build.0 = Debug|Any CPU
		{C4E87B72-961A-4721-B581-BC90EBEA3C2B}.Release|Any CPU.ActiveCfg = Release|Any CPU
		{C4E87B72-961A-4721-B581-BC90EBEA3C2B}.Release|Any CPU.Build.0 = Release|Any CPU
		{4075B784-D54C-47EB-BAFD-C75114AD08E1}.Debug|Any CPU.ActiveCfg = Debug|Any CPU
		{4075B784-D54C-47EB-BAFD-C75114AD08E1}.Debug|Any CPU.Build.0 = Debug|Any CPU
		{4075B784-D54C-47EB-BAFD-C75114AD08E1}.Release|Any CPU.ActiveCfg = Release|Any CPU
		{4075B784-D54C-47EB-BAFD-C75114AD08E1}.Release|Any CPU.Build.0 = Release|Any CPU
	EndGlobalSection
	GlobalSection(SolutionProperties) = preSolution
		HideSolutionNode = FALSE
	EndGlobalSection
	GlobalSection(ExtensibilityGlobals) = postSolution
		SolutionGuid = {57AAAA0A-FE0C-4AAC-AEA0-F4FF5CD2C328}
	EndGlobalSection
EndGlobal
