
Microsoft Visual Studio Solution File, Format Version 12.00
# Visual Studio 15
VisualStudioVersion = 15.0.28307.645
MinimumVisualStudioVersion = 10.0.40219.1
Project("{FAE04EC0-301F-11D3-BF4B-00C04F79EFBC}") = "EventDemo", "EventDemo\EventDemo.csproj", "{C0589CA5-C85D-4646-BCF5-A2EF03739A59}"
EndProject
Project("{FAE04EC0-301F-11D3-BF4B-00C04F79EFBC}") = "Demo2", "Demo2\Demo2.csproj", "{E15C3A0A-D9B3-4C5B-AC5D-DE789A6895DE}"
EndProject
Global
	GlobalSection(SolutionConfigurationPlatforms) = preSolution
		Debug|Any CPU = Debug|Any CPU
		Release|Any CPU = Release|Any CPU
	EndGlobalSection
	GlobalSection(ProjectConfigurationPlatforms) = postSolution
		{C0589CA5-C85D-4646-BCF5-A2EF03739A59}.Debug|Any CPU.ActiveCfg = Debug|Any CPU
		{C0589CA5-C85D-4646-BCF5-A2EF03739A59}.Debug|Any CPU.Build.0 = Debug|Any CPU
		{C0589CA5-C85D-4646-BCF5-A2EF03739A59}.Release|Any CPU.ActiveCfg = Release|Any CPU
		{C0589CA5-C85D-4646-BCF5-A2EF03739A59}.Release|Any CPU.Build.0 = Release|Any CPU
		{E15C3A0A-D9B3-4C5B-AC5D-DE789A6895DE}.Debug|Any CPU.ActiveCfg = Debug|Any CPU
		{E15C3A0A-D9B3-4C5B-AC5D-DE789A6895DE}.Debug|Any CPU.Build.0 = Debug|Any CPU
		{E15C3A0A-D9B3-4C5B-AC5D-DE789A6895DE}.Release|Any CPU.ActiveCfg = Release|Any CPU
		{E15C3A0A-D9B3-4C5B-AC5D-DE789A6895DE}.Release|Any CPU.Build.0 = Release|Any CPU
	EndGlobalSection
	GlobalSection(SolutionProperties) = preSolution
		HideSolutionNode = FALSE
	EndGlobalSection
	GlobalSection(ExtensibilityGlobals) = postSolution
		SolutionGuid = {20EBAABA-D56C-41E8-8FA8-2F7B8A8BCA83}
	EndGlobalSection
EndGlobal
