
Microsoft Visual Studio Solution File, Format Version 12.00
# Visual Studio 15
VisualStudioVersion = 15.0.28307.645
MinimumVisualStudioVersion = 10.0.40219.1
Project("{FAE04EC0-301F-11D3-BF4B-00C04F79EFBC}") = "NewAttributeDemo", "NewAttributeDemo\NewAttributeDemo.csproj", "{84B3F7EA-286D-4FF3-98D1-5B14646332DF}"
EndProject
Global
	GlobalSection(SolutionConfigurationPlatforms) = preSolution
		Debug|Any CPU = Debug|Any CPU
		Release|Any CPU = Release|Any CPU
	EndGlobalSection
	GlobalSection(ProjectConfigurationPlatforms) = postSolution
		{84B3F7EA-286D-4FF3-98D1-5B14646332DF}.Debug|Any CPU.ActiveCfg = Debug|Any CPU
		{84B3F7EA-286D-4FF3-98D1-5B14646332DF}.Debug|Any CPU.Build.0 = Debug|Any CPU
		{84B3F7EA-286D-4FF3-98D1-5B14646332DF}.Release|Any CPU.ActiveCfg = Release|Any CPU
		{84B3F7EA-286D-4FF3-98D1-5B14646332DF}.Release|Any CPU.Build.0 = Release|Any CPU
	EndGlobalSection
	GlobalSection(SolutionProperties) = preSolution
		HideSolutionNode = FALSE
	EndGlobalSection
	GlobalSection(ExtensibilityGlobals) = postSolution
		SolutionGuid = {8E5DFA07-B93F-4CC7-81EA-BCD1F603247A}
	EndGlobalSection
EndGlobal
